<?xml version="1.0" encoding="utf-8"?>
<Project ToolsVersion="4.0" xmlns="http://schemas.microsoft.com/developer/msbuild/2003">
  <ItemGroup>
    <Filter Include="Source Files">
      <UniqueIdentifier>{4FC737F1-C7A5-4376-A066-2A32D752A2FF}</UniqueIdentifier>
      <Extensions>cpp;c;cc;cxx;c++;cppm;ixx;def;odl;idl;hpj;bat;asm;asmx</Extensions>
    </Filter>
    <Filter Include="Source Files\Classes">
      <UniqueIdentifier>{83f86f30-f514-4f0e-9772-b69e69b0d1eb}</UniqueIdentifier>
    </Filter>
    <Filter Include="Source Files\Utils">
      <UniqueIdentifier>{d43526be-82f2-44c4-ac6f-9f7eea2b1f31}</UniqueIdentifier>
    </Filter>
    <Filter Include="Source Files\imgui">
      <UniqueIdentifier>{72df033e-3c52-4742-ab76-9523bb22841e}</UniqueIdentifier>
    </Filter>
    <Filter Include="Source Files\auth">
      <UniqueIdentifier>{0269800f-c325-461b-9970-14a3d64afb67}</UniqueIdentifier>
    </Filter>
  </ItemGroup>
  <ItemGroup>
    <ClCompile Include="main.cpp">
      <Filter>Source Files</Filter>
    </ClCompile>
    <ClCompile Include="imgui\imgui.cpp">
      <Filter>Source Files\imgui</Filter>
    </ClCompile>
    <ClCompile Include="imgui\imgui_demo.cpp">
      <Filter>Source Files\imgui</Filter>
    </ClCompile>
    <ClCompile Include="imgui\imgui_draw.cpp">
      <Filter>Source Files\imgui</Filter>
    </ClCompile>
    <ClCompile Include="imgui\imgui_impl_dx9.cpp">
      <Filter>Source Files\imgui</Filter>
    </ClCompile>
    <ClCompile Include="imgui\imgui_impl_win32.cpp">
      <Filter>Source Files\imgui</Filter>
    </ClCompile>
    <ClCompile Include="imgui\imgui_tables.cpp">
      <Filter>Source Files\imgui</Filter>
    </ClCompile>
    <ClCompile Include="imgui\imgui_widgets.cpp">
      <Filter>Source Files\imgui</Filter>
    </ClCompile>
  </ItemGroup>
  <ItemGroup>
    <ClInclude Include="common.hpp">
      <Filter>Source Files</Filter>
    </ClInclude>
    <ClInclude Include="offsets.hpp">
      <Filter>Source Files</Filter>
    </ClInclude>
    <ClInclude Include="math.hpp">
      <Filter>Source Files\Utils</Filter>
    </ClInclude>
    <ClInclude Include="globals.hpp">
      <Filter>Source Files\Utils</Filter>
    </ClInclude>
    <ClInclude Include="memory.hpp">
      <Filter>Source Files\Utils</Filter>
    </ClInclude>
    <ClInclude Include="List.hpp">
      <Filter>Source Files\Classes</Filter>
    </ClInclude>
    <ClInclude Include="BasePlayer.hpp">
      <Filter>Source Files\Classes</Filter>
    </ClInclude>
    <ClInclude Include="PlayerModel.hpp">
      <Filter>Source Files\Classes</Filter>
    </ClInclude>
    <ClInclude Include="AdminConVar.hpp">
      <Filter>Source Files\Classes</Filter>
    </ClInclude>
    <ClInclude Include="Sky.hpp">
      <Filter>Source Files\Classes</Filter>
    </ClInclude>
    <ClInclude Include="OcclusionCulling.hpp">
      <Filter>Source Files\Classes</Filter>
    </ClInclude>
    <ClInclude Include="PlayerWalkMovement.hpp">
      <Filter>Source Files\Classes</Filter>
    </ClInclude>
    <ClInclude Include="Item.hpp">
      <Filter>Source Files\Classes</Filter>
    </ClInclude>
    <ClInclude Include="Aimbot.hpp">
      <Filter>Source Files\Classes</Filter>
    </ClInclude>
    <ClInclude Include="features.hpp">
      <Filter>Source Files</Filter>
    </ClInclude>
    <ClInclude Include="imgui\imconfig.h">
      <Filter>Source Files\imgui</Filter>
    </ClInclude>
    <ClInclude Include="imgui\imgui.h">
      <Filter>Source Files\imgui</Filter>
    </ClInclude>
    <ClInclude Include="imgui\imgui_impl_dx9.h">
      <Filter>Source Files\imgui</Filter>
    </ClInclude>
    <ClInclude Include="imgui\imgui_impl_win32.h">
      <Filter>Source Files\imgui</Filter>
    </ClInclude>
    <ClInclude Include="imgui\imgui_internal.h">
      <Filter>Source Files\imgui</Filter>
    </ClInclude>
    <ClInclude Include="imgui\imstb_rectpack.h">
      <Filter>Source Files\imgui</Filter>
    </ClInclude>
    <ClInclude Include="imgui\imstb_textedit.h">
      <Filter>Source Files\imgui</Filter>
    </ClInclude>
    <ClInclude Include="imgui\imstb_truetype.h">
      <Filter>Source Files\imgui</Filter>
    </ClInclude>
    <ClInclude Include="menu.hpp">
      <Filter>Source Files</Filter>
    </ClInclude>
    <ClInclude Include="xor.hpp">
      <Filter>Source Files\Utils</Filter>
    </ClInclude>
    <ClInclude Include="auth\auth.hpp">
      <Filter>Source Files\auth</Filter>
    </ClInclude>
    <ClInclude Include="auth\skStr.h">
      <Filter>Source Files\auth</Filter>
    </ClInclude>
  </ItemGroup>
</Project>